github.com/gogo/protobuf v1.2.1 h1:/s5zKNz0uPFCZ5hddgPdo2TK2TVrUNMn0OOX8/aZMTE=
github.com/gogo/protobuf v1.2.1/go.mod h1:hp+jE20tsWTFYpLwKvXlhS1hjn+gTNwPg2I6zVXpSg4=
github.com/golang/protobuf v1.3.1 h1:YF8+flBXS5eO826T4nzqPrxfhQThhXl0YzfuUPu4SBg=
github.com/golang/protobuf v1.3.1/go.mod h1:6lQm79b+lXiMfvg/cZm0SGofjICqVBUtrP5yJMmIC1U=
github.com/gorilla/websocket v1.4.0 h1:WDFjx/TMzVgy9VdMMQi2K2Emtwi2QcUQsztZ/zLaH/Q=
github.com/gorilla/websocket v1.4.0/go.mod h1:E7qHFY5m1UJ88s3WnNqhKjPHQ0heANvMoAMk2YaljkQ=
github.com/kisielk/errcheck v1.1.0/go.mod h1:EZBBE59ingxPouuu3KfxchcWSUPOHkagtvWXihfKN4Q=
github.com/kisielk/gotool v1.0.0/go.mod h1:XhKaO+MFFWcvkIS/tQcRk01m1F5IRFswLeQ+oQHNcck=
github.com/kr/pretty v0.1.0 h1:L/CwN0zerZDmRFUapSPitk6f+Q3+0za1rQkzVuMiMFI=
github.com/kr/pretty v0.1.0/go.mod h1:dAy3ld7l9f0ibDNOQOHHMYYIIbhfbHSm3C4ZsoJORNo=
github.com/kr/pty v1.1.1/go.mod h1:pFQYn66WHrOpPYNljwOMqo10TkYh1fy3cYio2l3bCsQ=
github.com/kr/text v0.1.0 h1:45sCR5RtlFHMR4UwH9sdQ5TC8v0qDQCHnXt+kaKSTVE=
github.com/kr/text v0.1.0/go.mod h1:4Jbv+DJW3UT/LiOwJeYQe1efqtUx/iVham/4vfdArNI=
github.com/robfig/cron v0.0.0-20180505203441-b41be1df6967 h1:x7xEyJDP7Hv3LVgvWhzioQqbC/KtuUhTigKlH/8ehhE=
github.com/robfig/cron v0.0.0-20180505203441-b41be1df6967/go.mod h1:JGuDeoQd7Z6yL4zQhZ3OPEVHB7fL6Ka6skscFHfmt2k=
github.com/tealeg/xlsx v1.0.3 h1:BXsDIQYBPq2HgbwUxrsVXIrnO0BDxmsdUfHSfvwfBuQ=
github.com/tealeg/xlsx v1.0.3/go.mod h1:uxu5UY2ovkuRPWKQ8Q7JG0JbSivrISjdPzZQKeo74mA=
github.com/trist725/mgsu v0.0.0-20190426014452-a22843dc613c h1:hf9wnFsu2814cmRGkVC5mrdJFzUu7v6eYuqzICmpVz0=
github.com/trist725/mgsu v0.0.0-20190426014452-a22843dc613c/go.mod h1:hr3Sim12prrHtBqc/3a4nBkTWhPfMXLx3yYk/AXjFgY=
github.com/trist725/myleaf v0.0.0-20180912090459-560d092705ea h1:li8wG8AhioA4VO/IZq7VXJRAL+ddAJp+u7ugrMInr7k=
github.com/trist725/myleaf v0.0.0-20180912090459-560d092705ea/go.mod h1:mT+ihRlq8G7tIjAUMMpUeFUOx7wu4987G14EABZhZA4=
github.com/yireyun/go-queue v0.0.0-20180809062148-5e6897360dac h1:a4krU0HaACgZ1ai3epUH6U6Kji7WHiucldhzWv6oD2o=
github.com/yireyun/go-queue v0.0.0-20180809062148-5e6897360dac/go.mod h1:NS8O3p7NiPwC1Yw9xTd9DnDBguxFJG/BL1VPTSfJ5Gw=
golang.org/x/crypto v0.0.0-20190308221718-c2843e01d9a2/go.mod h1:djNgcEr1/C05ACkg1iLfiJU5Ep61QUkGW8qpdssI0+w=
golang.org/x/net v0.0.0-20181220203305-927f97764cc3/go.mod h1:mL1N/T3taQHkDXs73rZJwtUhF3w3ftmwwsq0BUmARs4=
golang.org/x/net v0.0.0-20190415214537-1da14a5a36f2 h1:iC0Y6EDq+rhnAePxGvJs2kzUAYcwESqdcGRPzEUfzTU=
golang.org/x/net v0.0.0-20190415214537-1da14a5a36f2/go.mod h1:t9HGtf8HONx5eT2rtn7q6eTqICYqUVnKs3thJo3Qplg=
golang.org/x/sys v0.0.0-20190215142949-d0b11bdaac8a/go.mod h1:STP8DvDyc/dI5b8T5hshtkjS+E42TnysNCUPdjciGhY=
golang.org/x/text v0.3.0 h1:g61tztE5qeGQ89tm6NTjjM9VPIm088od1l6aSorWRWg=
golang.org/x/text v0.3.0/go.mod h1:NqM8EUOU14njkJ3fqMW+pc6Ldnwhi/IjpwHt7yyuwOQ=
golang.org/x/tools v0.0.0-20180221164845-07fd8470d635/go.mod h1:n7NCudcB/nEzxVGmLbDWY5pfWTLqBcC2KZ6jyYvM4mQ=
gopkg.in/check.v1 v0.0.0-20161208181325-20d25e280405/go.mod h1:Co6ibVJAznAaIkqp8huTwlJQCZ016jof/cbN4VW5Yz0=
gopkg.in/check.v1 v1.0.0-20180628173108-788fd7840127 h1:qIbj1fsPNlZgppZ+VLlY7N33q108Sa+fhmuc+sWQYwY=
gopkg.in/check.v1 v1.0.0-20180628173108-788fd7840127/go.mod h1:Co6ibVJAznAaIkqp8huTwlJQCZ016jof/cbN4VW5Yz0=
gopkg.in/mgo.v2 v2.0.0-20180705113604-9856a29383ce h1:xcEWjVhvbDy+nHP67nPDDpbYrY+ILlfndk4bRioVHaU=
gopkg.in/mgo.v2 v2.0.0-20180705113604-9856a29383ce/go.mod h1:yeKp02qBN3iKW1OzL3MGk2IdtZzaj7SFntXj72NppTA=
gopkg.in/resty.v1 v1.12.0 h1:CuXP0Pjfw9rOuY6EP+UvtNvt5DSqHpIxILZKT/quCZI=
gopkg.in/resty.v1 v1.12.0/go.mod h1:mDo4pnntr5jdWRML875a/NmxYqAlA73dVijT2AXvQQo=
gopkg.in/yaml.v2 v2.2.2 h1:ZCJp+EgiOT7lHqUV2J862kp8Qj64Jo6az82+3Td9dZw=
gopkg.in/yaml.v2 v2.2.2/go.mod h1:hI93XBmqTisBFMUTm0b8Fm+jr3Dg1NNxqwp+5A1VGuI=
